// !$*UTF8*$!
{
	archiveVersion = 1;
	classes = {
	};
	objectVersion = 46;
	objects = {

/* Begin PBXBuildFile section */
		55C181181B6F9AD50011F2E1 /* AppDelegate.swift in Sources */ = {isa = PBXBuildFile; fileRef = 55C181171B6F9AD50011F2E1 /* AppDelegate.swift */; };
		55C1811A1B6F9AD50011F2E1 /* ViewController.swift in Sources */ = {isa = PBXBuildFile; fileRef = 55C181191B6F9AD50011F2E1 /* ViewController.swift */; };
		55C1811D1B6F9AD50011F2E1 /* Main.storyboard in Resources */ = {isa = PBXBuildFile; fileRef = 55C1811B1B6F9AD50011F2E1 /* Main.storyboard */; };
		55C1811F1B6F9AD50011F2E1 /* Assets.xcassets in Resources */ = {isa = PBXBuildFile; fileRef = 55C1811E1B6F9AD50011F2E1 /* Assets.xcassets */; };
		55C181221B6F9AD50011F2E1 /* LaunchScreen.storyboard in Resources */ = {isa = PBXBuildFile; fileRef = 55C181201B6F9AD50011F2E1 /* LaunchScreen.storyboard */; };
		55C1812D1B6F9AD50011F2E1 /* ContinueAfterFailureDemoTests.swift in Sources */ = {isa = PBXBuildFile; fileRef = 55C1812C1B6F9AD50011F2E1 /* ContinueAfterFailureDemoTests.swift */; };
/* End PBXBuildFile section */

/* Begin PBXContainerItemProxy section */
		55C181291B6F9AD50011F2E1 /* PBXContainerItemProxy */ = {
			isa = PBXContainerItemProxy;
			containerPortal = 55C1810C1B6F9AD50011F2E1 /* Project object */;
			proxyType = 1;
			remoteGlobalIDString = 55C181131B6F9AD50011F2E1;
			remoteInfo = ContinueAfterFailureDemo;
		};
/* End PBXContainerItemProxy section */

/* Begin PBXFileReference section */
		55C181141B6F9AD50011F2E1 /* ContinueAfterFailureDemo.app */ = {isa = PBXFileReference; explicitFileType = wrapper.application; includeInIndex = 0; path = ContinueAfterFailureDemo.app; sourceTree = BUILT_PRODUCTS_DIR; };
		55C181171B6F9AD50011F2E1 /* AppDelegate.swift */ = {isa = PBXFileReference; lastKnownFileType = sourcecode.swift; path = AppDelegate.swift; sourceTree = "<group>"; };
		55C181191B6F9AD50011F2E1 /* ViewController.swift */ = {isa = PBXFileReference; lastKnownFileType = sourcecode.swift; path = ViewController.swift; sourceTree = "<group>"; };
		55C1811C1B6F9AD50011F2E1 /* Base */ = {isa = PBXFileReference; lastKnownFileType = file.storyboard; name = Base; path = Base.lproj/Main.storyboard; sourceTree = "<group>"; };
		55C1811E1B6F9AD50011F2E1 /* Assets.xcassets */ = {isa = PBXFileReference; lastKnownFileType = folder.assetcatalog; path = Assets.xcassets; sourceTree = "<group>"; };
		55C181211B6F9AD50011F2E1 /* Base */ = {isa = PBXFileReference; lastKnownFileType = file.storyboard; name = Base; path = Base.lproj/LaunchScreen.storyboard; sourceTree = "<group>"; };
		55C181231B6F9AD50011F2E1 /* Info.plist */ = {isa = PBXFileReference; lastKnownFileType = text.plist.xml; path = Info.plist; sourceTree = "<group>"; };
		55C181281B6F9AD50011F2E1 /* ContinueAfterFailureDemoTests.xctest */ = {isa = PBXFileReference; explicitFileType = wrapper.cfbundle; includeInIndex = 0; path = ContinueAfterFailureDemoTests.xctest; sourceTree = BUILT_PRODUCTS_DIR; };
		55C1812C1B6F9AD50011F2E1 /* ContinueAfterFailureDemoTests.swift */ = {isa = PBXFileReference; lastKnownFileType = sourcecode.swift; path = ContinueAfterFailureDemoTests.swift; sourceTree = "<group>"; };
		55C1812E1B6F9AD50011F2E1 /* Info.plist */ = {isa = PBXFileReference; lastKnownFileType = text.plist.xml; path = Info.plist; sourceTree = "<group>"; };
/* End PBXFileReference section */

/* Begin PBXFrameworksBuildPhase section */
		55C181111B6F9AD50011F2E1 /* Frameworks */ = {
			isa = PBXFrameworksBuildPhase;
			buildActionMask = 2147483647;
			files = (
			);
			runOnlyForDeploymentPostprocessing = 0;
		};
		55C181251B6F9AD50011F2E1 /* Frameworks */ = {
			isa = PBXFrameworksBuildPhase;
			buildActionMask = 2147483647;
			files = (
			);
			runOnlyForDeploymentPostprocessing = 0;
		};
/* End PBXFrameworksBuildPhase section */

/* Begin PBXGroup section */
		55C1810B1B6F9AD50011F2E1 = {
			isa = PBXGroup;
			children = (
				55C181161B6F9AD50011F2E1 /* ContinueAfterFailureDemo */,
				55C1812B1B6F9AD50011F2E1 /* ContinueAfterFailureDemoTests */,
				55C181151B6F9AD50011F2E1 /* Products */,
			);
			sourceTree = "<group>";
		};
		55C181151B6F9AD50011F2E1 /* Products */ = {
			isa = PBXGroup;
			children = (
				55C181141B6F9AD50011F2E1 /* ContinueAfterFailureDemo.app */,
				55C181281B6F9AD50011F2E1 /* ContinueAfterFailureDemoTests.xctest */,
			);
			name = Products;
			sourceTree = "<group>";
		};
		55C181161B6F9AD50011F2E1 /* ContinueAfterFailureDemo */ = {
			isa = PBXGroup;
			children = (
				55C181171B6F9AD50011F2E1 /* AppDelegate.swift */,
				55C181191B6F9AD50011F2E1 /* ViewController.swift */,
				55C1811B1B6F9AD50011F2E1 /* Main.storyboard */,
				55C1811E1B6F9AD50011F2E1 /* Assets.xcassets */,
				55C181201B6F9AD50011F2E1 /* LaunchScreen.storyboard */,
				55C181231B6F9AD50011F2E1 /* Info.plist */,
			);
			path = ContinueAfterFailureDemo;
			sourceTree = "<group>";
		};
		55C1812B1B6F9AD50011F2E1 /* ContinueAfterFailureDemoTests */ = {
			isa = PBXGroup;
			children = (
				55C1812C1B6F9AD50011F2E1 /* ContinueAfterFailureDemoTests.swift */,
				55C1812E1B6F9AD50011F2E1 /* Info.plist */,
			);
			path = ContinueAfterFailureDemoTests;
			sourceTree = "<group>";
		};
/* End PBXGroup section */

/* Begin PBXNativeTarget section */
		55C181131B6F9AD50011F2E1 /* ContinueAfterFailureDemo */ = {
			isa = PBXNativeTarget;
			buildConfigurationList = 55C181311B6F9AD50011F2E1 /* Build configuration list for PBXNativeTarget "ContinueAfterFailureDemo" */;
			buildPhases = (
				55C181101B6F9AD50011F2E1 /* Sources */,
				55C181111B6F9AD50011F2E1 /* Frameworks */,
				55C181121B6F9AD50011F2E1 /* Resources */,
			);
			buildRules = (
			);
			dependencies = (
			);
			name = ContinueAfterFailureDemo;
			productName = ContinueAfterFailureDemo;
			productReference = 55C181141B6F9AD50011F2E1 /* ContinueAfterFailureDemo.app */;
			productType = "com.apple.product-type.application";
		};
		55C181271B6F9AD50011F2E1 /* ContinueAfterFailureDemoTests */ = {
			isa = PBXNativeTarget;
			buildConfigurationList = 55C181341B6F9AD50011F2E1 /* Build configuration list for PBXNativeTarget "ContinueAfterFailureDemoTests" */;
			buildPhases = (
				55C181241B6F9AD50011F2E1 /* Sources */,
				55C181251B6F9AD50011F2E1 /* Frameworks */,
				55C181261B6F9AD50011F2E1 /* Resources */,
			);
			buildRules = (
			);
			dependencies = (
				55C1812A1B6F9AD50011F2E1 /* PBXTargetDependency */,
			);
			name = ContinueAfterFailureDemoTests;
			productName = ContinueAfterFailureDemoTests;
			productReference = 55C181281B6F9AD50011F2E1 /* ContinueAfterFailureDemoTests.xctest */;
			productType = "com.apple.product-type.bundle.unit-test";
		};
/* End PBXNativeTarget section */

/* Begin PBXProject section */
		55C1810C1B6F9AD50011F2E1 /* Project object */ = {
			isa = PBXProject;
			attributes = {
				LastUpgradeCheck = 0700;
				ORGANIZATIONNAME = "Dominik Hauser";
				TargetAttributes = {
					55C181131B6F9AD50011F2E1 = {
						CreatedOnToolsVersion = 7.0;
					};
					55C181271B6F9AD50011F2E1 = {
						CreatedOnToolsVersion = 7.0;
						TestTargetID = 55C181131B6F9AD50011F2E1;
					};
				};
			};
			buildConfigurationList = 55C1810F1B6F9AD50011F2E1 /* Build configuration list for PBXProject "ContinueAfterFailureDemo" */;
			compatibilityVersion = "Xcode 3.2";
			developmentRegion = English;
			hasScannedForEncodings = 0;
			knownRegions = (
				en,
				Base,
			);
			mainGroup = 55C1810B1B6F9AD50011F2E1;
			productRefGroup = 55C181151B6F9AD50011F2E1 /* Products */;
			projectDirPath = "";
			projectRoot = "";
			targets = (
				55C181131B6F9AD50011F2E1 /* ContinueAfterFailureDemo */,
				55C181271B6F9AD50011F2E1 /* ContinueAfterFailureDemoTests */,
			);
		};
/* End PBXProject section */

/* Begin PBXResourcesBuildPhase section */
		55C181121B6F9AD50011F2E1 /* Resources */ = {
			isa = PBXResourcesBuildPhase;
			buildActionMask = 2147483647;
			files = (
				55C181221B6F9AD50011F2E1 /* LaunchScreen.storyboard in Resources */,
				55C1811F1B6F9AD50011F2E1 /* Assets.xcassets in Resources */,
				55C1811D1B6F9AD50011F2E1 /* Main.storyboard in Resources */,
			);
			runOnlyForDeploymentPostprocessing = 0;
		};
		55C181261B6F9AD50011F2E1 /* Resources */ = {
			isa = PBXResourcesBuildPhase;
			buildActionMask = 2147483647;
			files = (
			);
			runOnlyForDeploymentPostprocessing = 0;
		};
/* End PBXResourcesBuildPhase section */

/* Begin PBXSourcesBuildPhase section */
		55C181101B6F9AD50011F2E1 /* Sources */ = {
			isa = PBXSourcesBuildPhase;
			buildActionMask = 2147483647;
			files = (
				55C1811A1B6F9AD50011F2E1 /* ViewController.swift in Sources */,
				55C181181B6F9AD50011F2E1 /* AppDelegate.swift in Sources */,
			);
			runOnlyForDeploymentPostprocessing = 0;
		};
		55C181241B6F9AD50011F2E1 /* Sources */ = {
			isa = PBXSourcesBuildPhase;
			buildActionMask = 2147483647;
			files = (
				55C1812D1B6F9AD50011F2E1 /* ContinueAfterFailureDemoTests.swift in Sources */,
			);
			runOnlyForDeploymentPostprocessing = 0;
		};
/* End PBXSourcesBuildPhase section */

/* Begin PBXTargetDependency section */
		55C1812A1B6F9AD50011F2E1 /* PBXTargetDependency */ = {
			isa = PBXTargetDependency;
			target = 55C181131B6F9AD50011F2E1 /* ContinueAfterFailureDemo */;
			targetProxy = 55C181291B6F9AD50011F2E1 /* PBXContainerItemProxy */;
		};
/* End PBXTargetDependency section */

/* Begin PBXVariantGroup section */
		55C1811B1B6F9AD50011F2E1 /* Main.storyboard */ = {
			isa = PBXVariantGroup;
			children = (
				55C1811C1B6F9AD50011F2E1 /* Base */,
			);
			name = Main.storyboard;
			sourceTree = "<group>";
		};
		55C181201B6F9AD50011F2E1 /* LaunchScreen.storyboard */ = {
			isa = PBXVariantGroup;
			children = (
				55C181211B6F9AD50011F2E1 /* Base */,
			);
			name = LaunchScreen.storyboard;
			sourceTree = "<group>";
		};
/* End PBXVariantGroup section */

/* Begin XCBuildConfiguration section */
		55C1812F1B6F9AD50011F2E1 /* Debug */ = {
			isa = XCBuildConfiguration;
			buildSettings = {
				ALWAYS_SEARCH_USER_PATHS = NO;
				CLANG_CXX_LANGUAGE_STANDARD = "gnu++0x";
				CLANG_CXX_LIBRARY = "libc++";
				CLANG_ENABLE_MODULES = YES;
				CLANG_ENABLE_OBJC_ARC = YES;
				CLANG_WARN_BOOL_CONVERSION = YES;
				CLANG_WARN_CONSTANT_CONVERSION = YES;
				CLANG_WARN_DIRECT_OBJC_ISA_USAGE = YES_ERROR;
				CLANG_WARN_EMPTY_BODY = YES;
				CLANG_WARN_ENUM_CONVERSION = YES;
				CLANG_WARN_INT_CONVERSION = YES;
				CLANG_WARN_OBJC_ROOT_CLASS = YES_ERROR;
				CLANG_WARN_UNREACHABLE_CODE = YES;
				CLANG_WARN__DUPLICATE_METHOD_MATCH = YES;
				"CODE_SIGN_IDENTITY[sdk=iphoneos*]" = "iPhone Developer";
				COPY_PHASE_STRIP = NO;
				DEBUG_INFORMATION_FORMAT = dwarf;
				ENABLE_STRICT_OBJC_MSGSEND = YES;
				ENABLE_TESTABILITY = YES;
				GCC_C_LANGUAGE_STANDARD = gnu99;
				GCC_DYNAMIC_NO_PIC = NO;
				GCC_NO_COMMON_BLOCKS = YES;
				GCC_OPTIMIZATION_LEVEL = 0;
				GCC_PREPROCESSOR_DEFINITIONS = (
					"DEBUG=1",
					"$(inherited)",
				);
				GCC_WARN_64_TO_32_BIT_CONVERSION = YES;
				GCC_WARN_ABOUT_RETURN_TYPE = YES_ERROR;
				GCC_WARN_UNDECLARED_SELECTOR = YES;
				GCC_WARN_UNINITIALIZED_AUTOS = YES_AGGRESSIVE;
				GCC_WARN_UNUSED_FUNCTION = YES;
				GCC_WARN_UNUSED_VARIABLE = YES;
				IPHONEOS_DEPLOYMENT_TARGET = 9.0;
				MTL_ENABLE_DEBUG_INFO = YES;
				ONLY_ACTIVE_ARCH = YES;
				SDKROOT = iphoneos;
				SWIFT_OPTIMIZATION_LEVEL = "-Onone";
			};
			name = Debug;
		};
		55C181301B6F9AD50011F2E1 /* Release */ = {
			isa = XCBuildConfiguration;
			buildSettings = {
				ALWAYS_SEARCH_USER_PATHS = NO;
				CLANG_CXX_LANGUAGE_STANDARD = "gnu++0x";
				CLANG_CXX_LIBRARY = "libc++";
				CLANG_ENABLE_MODULES = YES;
				CLANG_ENABLE_OBJC_ARC = YES;
				CLANG_WARN_BOOL_CONVERSION = YES;
				CLANG_WARN_CONSTANT_CONVERSION = YES;
				CLANG_WARN_DIRECT_OBJC_ISA_USAGE = YES_ERROR;
				CLANG_WARN_EMPTY_BODY = YES;
				CLANG_WARN_ENUM_CONVERSION = YES;
				CLANG_WARN_INT_CONVERSION = YES;
				CLANG_WARN_OBJC_ROOT_CLASS = YES_ERROR;
				CLANG_WARN_UNREACHABLE_CODE = YES;
				CLANG_WARN__DUPLICATE_METHOD_MATCH = YES;
				"CODE_SIGN_IDENTITY[sdk=iphoneos*]" = "iPhone Developer";
				COPY_PHASE_STRIP = NO;
				DEBUG_INFORMATION_FORMAT = "dwarf-with-dsym";
				ENABLE_NS_ASSERTIONS = NO;
				ENABLE_STRICT_OBJC_MSGSEND = YES;
				GCC_C_LANGUAGE_STANDARD = gnu99;
				GCC_NO_COMMON_BLOCKS = YES;
				GCC_WARN_64_TO_32_BIT_CONVERSION = YES;
				GCC_WARN_ABOUT_RETURN_TYPE = YES_ERROR;
				GCC_WARN_UNDECLARED_SELECTOR = YES;
				GCC_WARN_UNINITIALIZED_AUTOS = YES_AGGRESSIVE;
				GCC_WARN_UNUSED_FUNCTION = YES;
				GCC_WARN_UNUSED_VARIABLE = YES;
				IPHONEOS_DEPLOYMENT_TARGET = 9.0;
				MTL_ENABLE_DEBUG_INFO = NO;
				SDKROOT = iphoneos;
				VALIDATE_PRODUCT = YES;
			};
			name = Release;
		};
		55C181321B6F9AD50011F2E1 /* Debug */ = {
			isa = XCBuildConfiguration;
			buildSettings = {
				ASSETCATALOG_COMPILER_APPICON_NAME = AppIcon;
				INFOPLIST_FILE = ContinueAfterFailureDemo/Info.plist;
				LD_RUNPATH_SEARCH_PATHS = "$(inherited) @executable_path/Frameworks";
				PRODUCT_BUNDLE_IDENTIFIER = "com.energy-app-provider.ContinueAfterFailureDemo";
				PRODUCT_NAME = "$(TARGET_NAME)";
			};
			name = Debug;
		};
		55C181331B6F9AD50011F2E1 /* Release */ = {
			isa = XCBuildConfiguration;
			buildSettings = {
				ASSETCATALOG_COMPILER_APPICON_NAME = AppIcon;
				INFOPLIST_FILE = ContinueAfterFailureDemo/Info.plist;
				LD_RUNPATH_SEARCH_PATHS = "$(inherited) @executable_path/Frameworks";
				PRODUCT_BUNDLE_IDENTIFIER = "com.energy-app-provider.ContinueAfterFailureDemo";
				PRODUCT_NAME = "$(TARGET_NAME)";
			};
			name = Release;
		};
		55C181351B6F9AD50011F2E1 /* Debug */ = {
			isa = XCBuildConfiguration;
			buildSettings = {
				BUNDLE_LOADER = "$(TEST_HOST)";
				INFOPLIST_FILE = ContinueAfterFailureDemoTests/Info.plist;
				LD_RUNPATH_SEARCH_PATHS = "$(inherited) @executable_path/Frameworks @loader_path/Frameworks";
				PRODUCT_BUNDLE_IDENTIFIER = "com.energy-app-provider.ContinueAfterFailureDemoTests";
				PRODUCT_NAME = "$(TARGET_NAME)";
				TEST_HOST = "$(BUILT_PRODUCTS_DIR)/ContinueAfterFailureDemo.app/ContinueAfterFailureDemo";
			};
			name = Debug;
		};
		55C181361B6F9AD50011F2E1 /* Release */ = {
			isa = XCBuildConfiguration;
			buildSettings = {
				BUNDLE_LOADER = "$(TEST_HOST)";
				INFOPLIST_FILE = ContinueAfterFailureDemoTests/Info.plist;
				LD_RUNPATH_SEARCH_PATHS = "$(inherited) @executable_path/Frameworks @loader_path/Frameworks";
				PRODUCT_BUNDLE_IDENTIFIER = "com.energy-app-provider.ContinueAfterFailureDemoTests";
				PRODUCT_NAME = "$(TARGET_NAME)";
				TEST_HOST = "$(BUILT_PRODUCTS_DIR)/ContinueAfterFailureDemo.app/ContinueAfterFailureDemo";
			};
			name = Release;
		};
/* End XCBuildConfiguration section */

/* Begin XCConfigurationList section */
		55C1810F1B6F9AD50011F2E1 /* Build configuration list for PBXProject "ContinueAfterFailureDemo" */ = {
			isa = XCConfigurationList;
			buildConfigurations = (
				55C1812F1B6F9AD50011F2E1 /* Debug */,
				55C181301B6F9AD50011F2E1 /* Release */,
			);
			defaultConfigurationIsVisible = 0;
			defaultConfigurationName = Release;
		};
		55C181311B6F9AD50011F2E1 /* Build configuration list for PBXNativeTarget "ContinueAfterFailureDemo" */ = {
			isa = XCConfigurationList;
			buildConfigurations = (
				55C181321B6F9AD50011F2E1 /* Debug */,
				55C181331B6F9AD50011F2E1 /* Release */,
			);
			defaultConfigurationIsVisible = 0;
		};
		55C181341B6F9AD50011F2E1 /* Build configuration list for PBXNativeTarget "ContinueAfterFailureDemoTests" */ = {
			isa = XCConfigurationList;
			buildConfigurations = (
				55C181351B6F9AD50011F2E1 /* Debug */,
				55C181361B6F9AD50011F2E1 /* Release */,
			);
			defaultConfigurationIsVisible = 0;
		};
/* End XCConfigurationList section */
	};
	rootObject = 55C1810C1B6F9AD50011F2E1 /* Project object */;
}
